{
  "name": "@openmrs/esm-frontend-dependencies",
  "version": "1.0.0",
  "lockfileVersion": 1,
  "requires": true,
  "dependencies": {
    "import-map-overrides": {
      "version": "1.8.0",
      "resolved": "https://registry.npmjs.org/import-map-overrides/-/import-map-overrides-1.8.0.tgz",
      "integrity": "sha512-cWFaSbSRdwrIcNpcmqpMgwAxYjXhCG1tJrevn80ODknC3l3wmQe0rvwfg+3J6yi+aQpXBBHAEyIEXfWKupg1RQ=="
    },
    "systemjs": {
      "version": "6.1.1",
      "resolved": "https://registry.npmjs.org/systemjs/-/systemjs-6.1.1.tgz",
      "integrity": "sha512-R1YeS6gvfBHRboezVrKzZoOSL4BzpU4XOI3OG0G0YAU7UEaOW2UhwmV8n/YVxzMjDNy76QO3ONIA+sxW8bMcQA=="
    }
  }
}
